Microsoft Visual Studio Solution File, Format Version 12.00
# Visual Studio 15
VisualStudioVersion = 15.0.27130.2036
MinimumVisualStudioVersion = 10.0.40219.1
Project("{FAE04EC0-301F-11D3-BF4B-00C04F79EFBC}") = "Algorithms", "Algorithms\Algorithms.csproj", "{AC783490-A68D-4280-8BD4-F12AEC5A46B0}"
EndProject
Project("{FAE04EC0-301F-11D3-BF4B-00C04F79EFBC}") = "Sandbox", "Sandbox\Sandbox.csproj", "{6652CE14-3F22-400D-B322-A09551F0AB8D}"
EndProject
Project("{9A19103F-16F7-4668-BE54-9A1E7A4F7556}") = "Algorithms.NetCore", "Algorithms.NetCore\Algorithms.NetCore.csproj", "{4056BDA2-F9CF-4713-9CAA-FC8581EE9620}"
EndProject
Project("{9A19103F-16F7-4668-BE54-9A1E7A4F7556}") = "Algorithms.Tests", "Algorithms.Tests\Algorithms.Tests.csproj", "{594D02D7-4AEA-4F6E-8914-C6D8FC496F70}"
EndProject
Global
	GlobalSection(SolutionConfigurationPlatforms) = preSolution
		Debug|Any CPU = Debug|Any CPU
		Debug|x64 = Debug|x64
		Debug|x86 = Debug|x86
		Release|Any CPU = Release|Any CPU
		Release|x64 = Release|x64
		Release|x86 = Release|x86
	EndGlobalSection
	GlobalSection(ProjectConfigurationPlatforms) = postSolution
		{AC783490-A68D-4280-8BD4-F12AEC5A46B0}.Debug|Any CPU.ActiveCfg = Debug|Any CPU
		{AC783490-A68D-4280-8BD4-F12AEC5A46B0}.Debug|Any CPU.Build.0 = Debug|Any CPU
		{AC783490-A68D-4280-8BD4-F12AEC5A46B0}.Debug|x64.ActiveCfg = Debug|Any CPU
		{AC783490-A68D-4280-8BD4-F12AEC5A46B0}.Debug|x64.Build.0 = Debug|Any CPU
		{AC783490-A68D-4280-8BD4-F12AEC5A46B0}.Debug|x86.ActiveCfg = Debug|Any CPU
		{AC783490-A68D-4280-8BD4-F12AEC5A46B0}.Debug|x86.Build.0 = Debug|Any CPU
		{AC783490-A68D-4280-8BD4-F12AEC5A46B0}.Release|Any CPU.ActiveCfg = Release|Any CPU
		{AC783490-A68D-4280-8BD4-F12AEC5A46B0}.Release|Any CPU.Build.0 = Release|Any CPU
		{AC783490-A68D-4280-8BD4-F12AEC5A46B0}.Release|x64.ActiveCfg = Release|Any CPU
		{AC783490-A68D-4280-8BD4-F12AEC5A46B0}.Release|x64.Build.0 = Release|Any CPU
		{AC783490-A68D-4280-8BD4-F12AEC5A46B0}.Release|x86.ActiveCfg = Release|Any CPU
		{AC783490-A68D-4280-8BD4-F12AEC5A46B0}.Release|x86.Build.0 = Release|Any CPU
		{6652CE14-3F22-400D-B322-A09551F0AB8D}.Debug|Any CPU.ActiveCfg = Debug|Any CPU
		{6652CE14-3F22-400D-B322-A09551F0AB8D}.Debug|Any CPU.Build.0 = Debug|Any CPU
		{6652CE14-3F22-400D-B322-A09551F0AB8D}.Debug|x64.ActiveCfg = Debug|Any CPU
		{6652CE14-3F22-400D-B322-A09551F0AB8D}.Debug|x64.Build.0 = Debug|Any CPU
		{6652CE14-3F22-400D-B322-A09551F0AB8D}.Debug|x86.ActiveCfg = Debug|Any CPU
		{6652CE14-3F22-400D-B322-A09551F0AB8D}.Debug|x86.Build.0 = Debug|Any CPU
		{6652CE14-3F22-400D-B322-A09551F0AB8D}.Release|Any CPU.ActiveCfg = Release|Any CPU
		{6652CE14-3F22-400D-B322-A09551F0AB8D}.Release|Any CPU.Build.0 = Release|Any CPU
		{6652CE14-3F22-400D-B322-A09551F0AB8D}.Release|x64.ActiveCfg = Release|Any CPU
		{6652CE14-3F22-400D-B322-A09551F0AB8D}.Release|x64.Build.0 = Release|Any CPU
		{6652CE14-3F22-400D-B322-A09551F0AB8D}.Release|x86.ActiveCfg = Release|Any CPU
		{6652CE14-3F22-400D-B322-A09551F0AB8D}.Release|x86.Build.0 = Release|Any CPU
		{4056BDA2-F9CF-4713-9CAA-FC8581EE9620}.Debug|Any CPU.ActiveCfg = Debug|Any CPU
		{4056BDA2-F9CF-4713-9CAA-FC8581EE9620}.Debug|Any CPU.Build.0 = Debug|Any CPU
		{4056BDA2-F9CF-4713-9CAA-FC8581EE9620}.Debug|x64.ActiveCfg = Debug|Any CPU
		{4056BDA2-F9CF-4713-9CAA-FC8581EE9620}.Debug|x64.Build.0 = Debug|Any CPU
		{4056BDA2-F9CF-4713-9CAA-FC8581EE9620}.Debug|x86.ActiveCfg = Debug|Any CPU
		{4056BDA2-F9CF-4713-9CAA-FC8581EE9620}.Debug|x86.Build.0 = Debug|Any CPU
		{4056BDA2-F9CF-4713-9CAA-FC8581EE9620}.Release|Any CPU.ActiveCfg = Release|Any CPU
		{4056BDA2-F9CF-4713-9CAA-FC8581EE9620}.Release|Any CPU.Build.0 = Release|Any CPU
		{4056BDA2-F9CF-4713-9CAA-FC8581EE9620}.Release|x64.ActiveCfg = Release|Any CPU
		{4056BDA2-F9CF-4713-9CAA-FC8581EE9620}.Release|x64.Build.0 = Release|Any CPU
		{4056BDA2-F9CF-4713-9CAA-FC8581EE9620}.Release|x86.ActiveCfg = Release|Any CPU
		{4056BDA2-F9CF-4713-9CAA-FC8581EE9620}.Release|x86.Build.0 = Release|Any CPU
		{594D02D7-4AEA-4F6E-8914-C6D8FC496F70}.Debug|Any CPU.ActiveCfg = Debug|Any CPU
		{594D02D7-4AEA-4F6E-8914-C6D8FC496F70}.Debug|Any CPU.Build.0 = Debug|Any CPU
		{594D02D7-4AEA-4F6E-8914-C6D8FC496F70}.Debug|x64.ActiveCfg = Debug|Any CPU
		{594D02D7-4AEA-4F6E-8914-C6D8FC496F70}.Debug|x64.Build.0 = Debug|Any CPU
		{594D02D7-4AEA-4F6E-8914-C6D8FC496F70}.Debug|x86.ActiveCfg = Debug|Any CPU
		{594D02D7-4AEA-4F6E-8914-C6D8FC496F70}.Debug|x86.Build.0 = Debug|Any CPU
		{594D02D7-4AEA-4F6E-8914-C6D8FC496F70}.Release|Any CPU.ActiveCfg = Release|Any CPU
		{594D02D7-4AEA-4F6E-8914-C6D8FC496F70}.Release|Any CPU.Build.0 = Release|Any CPU
		{594D02D7-4AEA-4F6E-8914-C6D8FC496F70}.Release|x64.ActiveCfg = Release|Any CPU
		{594D02D7-4AEA-4F6E-8914-C6D8FC496F70}.Release|x64.Build.0 = Release|Any CPU
		{594D02D7-4AEA-4F6E-8914-C6D8FC496F70}.Release|x86.ActiveCfg = Release|Any CPU
		{594D02D7-4AEA-4F6E-8914-C6D8FC496F70}.Release|x86.Build.0 = Release|Any CPU
	EndGlobalSection
	GlobalSection(SolutionProperties) = preSolution
		HideSolutionNode = FALSE
	EndGlobalSection
	GlobalSection(ExtensibilityGlobals) = postSolution
		SolutionGuid = {37BA7159-260D-4C63-AA2A-26DE38FF8535}
	EndGlobalSection
EndGlobal
